// !$*UTF8*$!
{
	archiveVersion = 1;
	classes = {
	};
	objectVersion = 46;
	objects = {

/* Begin PBXBuildFile section */
		289B26801AE3C5BC00FF5F4A /* AIGameCardEnlargeView.m in Sources */ = {isa = PBXBuildFile; fileRef = 289B267F1AE3C5BC00FF5F4A /* AIGameCardEnlargeView.m */; };
		28BA8D831ACC3F3500CB91D1 /* main.m in Sources */ = {isa = PBXBuildFile; fileRef = 28BA8D821ACC3F3500CB91D1 /* main.m */; };
		28BA8D861ACC3F3500CB91D1 /* AppDelegate.m in Sources */ = {isa = PBXBuildFile; fileRef = 28BA8D851ACC3F3500CB91D1 /* AppDelegate.m */; };
		28BA8D891ACC3F3500CB91D1 /* ViewController.m in Sources */ = {isa = PBXBuildFile; fileRef = 28BA8D881ACC3F3500CB91D1 /* ViewController.m */; };
		28BA8D8C1ACC3F3500CB91D1 /* Main.storyboard in Resources */ = {isa = PBXBuildFile; fileRef = 28BA8D8A1ACC3F3500CB91D1 /* Main.storyboard */; };
		28BA8D8E1ACC3F3500CB91D1 /* Images.xcassets in Resources */ = {isa = PBXBuildFile; fileRef = 28BA8D8D1ACC3F3500CB91D1 /* Images.xcassets */; };
		28BA8D911ACC3F3500CB91D1 /* LaunchScreen.xib in Resources */ = {isa = PBXBuildFile; fileRef = 28BA8D8F1ACC3F3500CB91D1 /* LaunchScreen.xib */; };
		28BA8D9D1ACC3F3500CB91D1 /* BalloonTests.m in Sources */ = {isa = PBXBuildFile; fileRef = 28BA8D9C1ACC3F3500CB91D1 /* BalloonTests.m */; };
		28BA8DB71ACC3FB700CB91D1 /* BackCover.png in Resources */ = {isa = PBXBuildFile; fileRef = 28BA8DA71ACC3FB700CB91D1 /* BackCover.png */; };
		28BA8DB81ACC3FB700CB91D1 /* BalloonLife.png in Resources */ = {isa = PBXBuildFile; fileRef = 28BA8DA81ACC3FB700CB91D1 /* BalloonLife.png */; };
		28BA8DB91ACC3FB700CB91D1 /* DoublePlay.png in Resources */ = {isa = PBXBuildFile; fileRef = 28BA8DA91ACC3FB700CB91D1 /* DoublePlay.png */; };
		28BA8DBA1ACC3FB700CB91D1 /* DownToZeroSecond.png in Resources */ = {isa = PBXBuildFile; fileRef = 28BA8DAA1ACC3FB700CB91D1 /* DownToZeroSecond.png */; };
		28BA8DBB1ACC3FB700CB91D1 /* FiveSecond.png in Resources */ = {isa = PBXBuildFile; fileRef = 28BA8DAB1ACC3FB700CB91D1 /* FiveSecond.png */; };
		28BA8DBC1ACC3FB700CB91D1 /* Hold.png in Resources */ = {isa = PBXBuildFile; fileRef = 28BA8DAC1ACC3FB700CB91D1 /* Hold.png */; };
		28BA8DBD1ACC3FB700CB91D1 /* PlusOne.png in Resources */ = {isa = PBXBuildFile; fileRef = 28BA8DAD1ACC3FB700CB91D1 /* PlusOne.png */; };
		28BA8DBE1ACC3FB700CB91D1 /* PlusTwo.png in Resources */ = {isa = PBXBuildFile; fileRef = 28BA8DAE1ACC3FB700CB91D1 /* PlusTwo.png */; };
		28BA8DBF1ACC3FB700CB91D1 /* Pop.png in Resources */ = {isa = PBXBuildFile; fileRef = 28BA8DAF1ACC3FB700CB91D1 /* Pop.png */; };
		28BA8DC01ACC3FB700CB91D1 /* Popped.png in Resources */ = {isa = PBXBuildFile; fileRef = 28BA8DB01ACC3FB700CB91D1 /* Popped.png */; };
		28BA8DC11ACC3FB700CB91D1 /* Reverse.png in Resources */ = {isa = PBXBuildFile; fileRef = 28BA8DB11ACC3FB700CB91D1 /* Reverse.png */; };
		28BA8DC21ACC3FB700CB91D1 /* Skip.png in Resources */ = {isa = PBXBuildFile; fileRef = 28BA8DB21ACC3FB700CB91D1 /* Skip.png */; };
		28BA8DC31ACC3FB700CB91D1 /* TenSecond.png in Resources */ = {isa = PBXBuildFile; fileRef = 28BA8DB31ACC3FB700CB91D1 /* TenSecond.png */; };
		28BA8DC41ACC3FB700CB91D1 /* ToThirtySecond.png in Resources */ = {isa = PBXBuildFile; fileRef = 28BA8DB41ACC3FB700CB91D1 /* ToThirtySecond.png */; };
		28BA8DC51ACC3FB700CB91D1 /* TradeHand.png in Resources */ = {isa = PBXBuildFile; fileRef = 28BA8DB51ACC3FB700CB91D1 /* TradeHand.png */; };
		28BA8DC61ACC3FB700CB91D1 /* UpToSixtySecond.png in Resources */ = {isa = PBXBuildFile; fileRef = 28BA8DB61ACC3FB700CB91D1 /* UpToSixtySecond.png */; };
		28BA8DD41ACC407D00CB91D1 /* AIGameMenuViewController.m in Sources */ = {isa = PBXBuildFile; fileRef = 28BA8DC91ACC407D00CB91D1 /* AIGameMenuViewController.m */; };
		28BA8DD51ACC407D00CB91D1 /* AIGameSceneViewController.m in Sources */ = {isa = PBXBuildFile; fileRef = 28BA8DCB1ACC407D00CB91D1 /* AIGameSceneViewController.m */; };
		28BA8DD61ACC407D00CB91D1 /* AICommonUtils.m in Sources */ = {isa = PBXBuildFile; fileRef = 28BA8DCE1ACC407D00CB91D1 /* AICommonUtils.m */; };
		28BA8DD71ACC407D00CB91D1 /* AIGameCard.m in Sources */ = {isa = PBXBuildFile; fileRef = 28BA8DD11ACC407D00CB91D1 /* AIGameCard.m */; };
		28BA8DD81ACC407D00CB91D1 /* AIGameCardImageView.m in Sources */ = {isa = PBXBuildFile; fileRef = 28BA8DD31ACC407D00CB91D1 /* AIGameCardImageView.m */; };
/* End PBXBuildFile section */

/* Begin PBXContainerItemProxy section */
		28BA8D971ACC3F3500CB91D1 /* PBXContainerItemProxy */ = {
			isa = PBXContainerItemProxy;
			containerPortal = 28BA8D751ACC3F3500CB91D1 /* Project object */;
			proxyType = 1;
			remoteGlobalIDString = 28BA8D7C1ACC3F3500CB91D1;
			remoteInfo = Balloon;
		};
/* End PBXContainerItemProxy section */

/* Begin PBXFileReference section */
		289B267E1AE3C5BC00FF5F4A /* AIGameCardEnlargeView.h */ = {isa = PBXFileReference; fileEncoding = 4; lastKnownFileType = sourcecode.c.h; path = AIGameCardEnlargeView.h; sourceTree = "<group>"; };
		289B267F1AE3C5BC00FF5F4A /* AIGameCardEnlargeView.m */ = {isa = PBXFileReference; fileEncoding = 4; lastKnownFileType = sourcecode.c.objc; path = AIGameCardEnlargeView.m; sourceTree = "<group>"; };
		28BA8D7D1ACC3F3500CB91D1 /* Balloon.app */ = {isa = PBXFileReference; explicitFileType = wrapper.application; includeInIndex = 0; path = Balloon.app; sourceTree = BUILT_PRODUCTS_DIR; };
		28BA8D811ACC3F3500CB91D1 /* Info.plist */ = {isa = PBXFileReference; lastKnownFileType = text.plist.xml; path = Info.plist; sourceTree = "<group>"; };
		28BA8D821ACC3F3500CB91D1 /* main.m */ = {isa = PBXFileReference; lastKnownFileType = sourcecode.c.objc; path = main.m; sourceTree = "<group>"; };
		28BA8D841ACC3F3500CB91D1 /* AppDelegate.h */ = {isa = PBXFileReference; lastKnownFileType = sourcecode.c.h; path = AppDelegate.h; sourceTree = "<group>"; };
		28BA8D851ACC3F3500CB91D1 /* AppDelegate.m */ = {isa = PBXFileReference; lastKnownFileType = sourcecode.c.objc; path = AppDelegate.m; sourceTree = "<group>"; };
		28BA8D871ACC3F3500CB91D1 /* ViewController.h */ = {isa = PBXFileReference; lastKnownFileType = sourcecode.c.h; path = ViewController.h; sourceTree = "<group>"; };
		28BA8D881ACC3F3500CB91D1 /* ViewController.m */ = {isa = PBXFileReference; lastKnownFileType = sourcecode.c.objc; path = ViewController.m; sourceTree = "<group>"; };
		28BA8D8B1ACC3F3500CB91D1 /* Base */ = {isa = PBXFileReference; lastKnownFileType = file.storyboard; name = Base; path = Base.lproj/Main.storyboard; sourceTree = "<group>"; };
		28BA8D8D1ACC3F3500CB91D1 /* Images.xcassets */ = {isa = PBXFileReference; lastKnownFileType = folder.assetcatalog; path = Images.xcassets; sourceTree = "<group>"; };
		28BA8D901ACC3F3500CB91D1 /* Base */ = {isa = PBXFileReference; lastKnownFileType = file.xib; name = Base; path = Base.lproj/LaunchScreen.xib; sourceTree = "<group>"; };
		28BA8D961ACC3F3500CB91D1 /* BalloonTests.xctest */ = {isa = PBXFileReference; explicitFileType = wrapper.cfbundle; includeInIndex = 0; path = BalloonTests.xctest; sourceTree = BUILT_PRODUCTS_DIR; };
		28BA8D9B1ACC3F3500CB91D1 /* Info.plist */ = {isa = PBXFileReference; lastKnownFileType = text.plist.xml; path = Info.plist; sourceTree = "<group>"; };
		28BA8D9C1ACC3F3500CB91D1 /* BalloonTests.m */ = {isa = PBXFileReference; lastKnownFileType = sourcecode.c.objc; path = BalloonTests.m; sourceTree = "<group>"; };
		28BA8DA71ACC3FB700CB91D1 /* BackCover.png */ = {isa = PBXFileReference; lastKnownFileType = image.png; path = BackCover.png; sourceTree = "<group>"; };
		28BA8DA81ACC3FB700CB91D1 /* BalloonLife.png */ = {isa = PBXFileReference; lastKnownFileType = image.png; path = BalloonLife.png; sourceTree = "<group>"; };
		28BA8DA91ACC3FB700CB91D1 /* DoublePlay.png */ = {isa = PBXFileReference; lastKnownFileType = image.png; path = DoublePlay.png; sourceTree = "<group>"; };
		28BA8DAA1ACC3FB700CB91D1 /* DownToZeroSecond.png */ = {isa = PBXFileReference; lastKnownFileType = image.png; path = DownToZeroSecond.png; sourceTree = "<group>"; };
		28BA8DAB1ACC3FB700CB91D1 /* FiveSecond.png */ = {isa = PBXFileReference; lastKnownFileType = image.png; path = FiveSecond.png; sourceTree = "<group>"; };
		28BA8DAC1ACC3FB700CB91D1 /* Hold.png */ = {isa = PBXFileReference; lastKnownFileType = image.png; path = Hold.png; sourceTree = "<group>"; };
		28BA8DAD1ACC3FB700CB91D1 /* PlusOne.png */ = {isa = PBXFileReference; lastKnownFileType = image.png; path = PlusOne.png; sourceTree = "<group>"; };
		28BA8DAE1ACC3FB700CB91D1 /* PlusTwo.png */ = {isa = PBXFileReference; lastKnownFileType = image.png; path = PlusTwo.png; sourceTree = "<group>"; };
		28BA8DAF1ACC3FB700CB91D1 /* Pop.png */ = {isa = PBXFileReference; lastKnownFileType = image.png; path = Pop.png; sourceTree = "<group>"; };
		28BA8DB01ACC3FB700CB91D1 /* Popped.png */ = {isa = PBXFileReference; lastKnownFileType = image.png; path = Popped.png; sourceTree = "<group>"; };
		28BA8DB11ACC3FB700CB91D1 /* Reverse.png */ = {isa = PBXFileReference; lastKnownFileType = image.png; path = Reverse.png; sourceTree = "<group>"; };
		28BA8DB21ACC3FB700CB91D1 /* Skip.png */ = {isa = PBXFileReference; lastKnownFileType = image.png; path = Skip.png; sourceTree = "<group>"; };
		28BA8DB31ACC3FB700CB91D1 /* TenSecond.png */ = {isa = PBXFileReference; lastKnownFileType = image.png; path = TenSecond.png; sourceTree = "<group>"; };
		28BA8DB41ACC3FB700CB91D1 /* ToThirtySecond.png */ = {isa = PBXFileReference; lastKnownFileType = image.png; path = ToThirtySecond.png; sourceTree = "<group>"; };
		28BA8DB51ACC3FB700CB91D1 /* TradeHand.png */ = {isa = PBXFileReference; lastKnownFileType = image.png; path = TradeHand.png; sourceTree = "<group>"; };
		28BA8DB61ACC3FB700CB91D1 /* UpToSixtySecond.png */ = {isa = PBXFileReference; lastKnownFileType = image.png; path = UpToSixtySecond.png; sourceTree = "<group>"; };
		28BA8DC81ACC407D00CB91D1 /* AIGameMenuViewController.h */ = {isa = PBXFileReference; fileEncoding = 4; lastKnownFileType = sourcecode.c.h; path = AIGameMenuViewController.h; sourceTree = "<group>"; };
		28BA8DC91ACC407D00CB91D1 /* AIGameMenuViewController.m */ = {isa = PBXFileReference; fileEncoding = 4; lastKnownFileType = sourcecode.c.objc; path = AIGameMenuViewController.m; sourceTree = "<group>"; };
		28BA8DCA1ACC407D00CB91D1 /* AIGameSceneViewController.h */ = {isa = PBXFileReference; fileEncoding = 4; lastKnownFileType = sourcecode.c.h; path = AIGameSceneViewController.h; sourceTree = "<group>"; };
		28BA8DCB1ACC407D00CB91D1 /* AIGameSceneViewController.m */ = {isa = PBXFileReference; fileEncoding = 4; lastKnownFileType = sourcecode.c.objc; path = AIGameSceneViewController.m; sourceTree = "<group>"; };
		28BA8DCD1ACC407D00CB91D1 /* AICommonUtils.h */ = {isa = PBXFileReference; fileEncoding = 4; lastKnownFileType = sourcecode.c.h; path = AICommonUtils.h; sourceTree = "<group>"; };
		28BA8DCE1ACC407D00CB91D1 /* AICommonUtils.m */ = {isa = PBXFileReference; fileEncoding = 4; lastKnownFileType = sourcecode.c.objc; path = AICommonUtils.m; sourceTree = "<group>"; };
		28BA8DCF1ACC407D00CB91D1 /* AIEnumCollection.h */ = {isa = PBXFileReference; fileEncoding = 4; lastKnownFileType = sourcecode.c.h; path = AIEnumCollection.h; sourceTree = "<group>"; };
		28BA8DD01ACC407D00CB91D1 /* AIGameCard.h */ = {isa = PBXFileReference; fileEncoding = 4; lastKnownFileType = sourcecode.c.h; path = AIGameCard.h; sourceTree = "<group>"; };
		28BA8DD11ACC407D00CB91D1 /* AIGameCard.m */ = {isa = PBXFileReference; fileEncoding = 4; lastKnownFileType = sourcecode.c.objc; path = AIGameCard.m; sourceTree = "<group>"; };
		28BA8DD21ACC407D00CB91D1 /* AIGameCardImageView.h */ = {isa = PBXFileReference; fileEncoding = 4; lastKnownFileType = sourcecode.c.h; path = AIGameCardImageView.h; sourceTree = "<group>"; };
		28BA8DD31ACC407D00CB91D1 /* AIGameCardImageView.m */ = {isa = PBXFileReference; fileEncoding = 4; lastKnownFileType = sourcecode.c.objc; path = AIGameCardImageView.m; sourceTree = "<group>"; };
/* End PBXFileReference section */

/* Begin PBXFrameworksBuildPhase section */
		28BA8D7A1ACC3F3500CB91D1 /* Frameworks */ = {
			isa = PBXFrameworksBuildPhase;
			buildActionMask = 2147483647;
			files = (
			);
			runOnlyForDeploymentPostprocessing = 0;
		};
		28BA8D931ACC3F3500CB91D1 /* Frameworks */ = {
			isa = PBXFrameworksBuildPhase;
			buildActionMask = 2147483647;
			files = (
			);
			runOnlyForDeploymentPostprocessing = 0;
		};
/* End PBXFrameworksBuildPhase section */

/* Begin PBXGroup section */
		28BA8D741ACC3F3500CB91D1 = {
			isa = PBXGroup;
			children = (
				28BA8D7F1ACC3F3500CB91D1 /* Balloon */,
				28BA8D991ACC3F3500CB91D1 /* BalloonTests */,
				28BA8D7E1ACC3F3500CB91D1 /* Products */,
			);
			sourceTree = "<group>";
		};
		28BA8D7E1ACC3F3500CB91D1 /* Products */ = {
			isa = PBXGroup;
			children = (
				28BA8D7D1ACC3F3500CB91D1 /* Balloon.app */,
				28BA8D961ACC3F3500CB91D1 /* BalloonTests.xctest */,
			);
			name = Products;
			sourceTree = "<group>";
		};
		28BA8D7F1ACC3F3500CB91D1 /* Balloon */ = {
			isa = PBXGroup;
			children = (
				28BA8DC71ACC407D00CB91D1 /* Classes */,
				28BA8DCC1ACC407D00CB91D1 /* CommonUtils */,
				28BA8D841ACC3F3500CB91D1 /* AppDelegate.h */,
				28BA8D851ACC3F3500CB91D1 /* AppDelegate.m */,
				28BA8D871ACC3F3500CB91D1 /* ViewController.h */,
				28BA8D881ACC3F3500CB91D1 /* ViewController.m */,
				28BA8D8A1ACC3F3500CB91D1 /* Main.storyboard */,
				28BA8D8D1ACC3F3500CB91D1 /* Images.xcassets */,
				28BA8D8F1ACC3F3500CB91D1 /* LaunchScreen.xib */,
				28BA8D801ACC3F3500CB91D1 /* Supporting Files */,
			);
			path = Balloon;
			sourceTree = "<group>";
		};
		28BA8D801ACC3F3500CB91D1 /* Supporting Files */ = {
			isa = PBXGroup;
			children = (
				28BA8DA61ACC3FB700CB91D1 /* BalloonPopperCardImage */,
				28BA8D811ACC3F3500CB91D1 /* Info.plist */,
				28BA8D821ACC3F3500CB91D1 /* main.m */,
			);
			name = "Supporting Files";
			sourceTree = "<group>";
		};
		28BA8D991ACC3F3500CB91D1 /* BalloonTests */ = {
			isa = PBXGroup;
			children = (
				28BA8D9C1ACC3F3500CB91D1 /* BalloonTests.m */,
				28BA8D9A1ACC3F3500CB91D1 /* Supporting Files */,
			);
			path = BalloonTests;
			sourceTree = "<group>";
		};
		28BA8D9A1ACC3F3500CB91D1 /* Supporting Files */ = {
			isa = PBXGroup;
			children = (
				28BA8D9B1ACC3F3500CB91D1 /* Info.plist */,
			);
			name = "Supporting Files";
			sourceTree = "<group>";
		};
		28BA8DA61ACC3FB700CB91D1 /* BalloonPopperCardImage */ = {
			isa = PBXGroup;
			children = (
				28BA8DA71ACC3FB700CB91D1 /* BackCover.png */,
				28BA8DA81ACC3FB700CB91D1 /* BalloonLife.png */,
				28BA8DA91ACC3FB700CB91D1 /* DoublePlay.png */,
				28BA8DAA1ACC3FB700CB91D1 /* DownToZeroSecond.png */,
				28BA8DAB1ACC3FB700CB91D1 /* FiveSecond.png */,
				28BA8DAC1ACC3FB700CB91D1 /* Hold.png */,
				28BA8DAD1ACC3FB700CB91D1 /* PlusOne.png */,
				28BA8DAE1ACC3FB700CB91D1 /* PlusTwo.png */,
				28BA8DAF1ACC3FB700CB91D1 /* Pop.png */,
				28BA8DB01ACC3FB700CB91D1 /* Popped.png */,
				28BA8DB11ACC3FB700CB91D1 /* Reverse.png */,
				28BA8DB21ACC3FB700CB91D1 /* Skip.png */,
				28BA8DB31ACC3FB700CB91D1 /* TenSecond.png */,
				28BA8DB41ACC3FB700CB91D1 /* ToThirtySecond.png */,
				28BA8DB51ACC3FB700CB91D1 /* TradeHand.png */,
				28BA8DB61ACC3FB700CB91D1 /* UpToSixtySecond.png */,
			);
			path = BalloonPopperCardImage;
			sourceTree = "<group>";
		};
		28BA8DC71ACC407D00CB91D1 /* Classes */ = {
			isa = PBXGroup;
			children = (
				28BA8DC81ACC407D00CB91D1 /* AIGameMenuViewController.h */,
				28BA8DC91ACC407D00CB91D1 /* AIGameMenuViewController.m */,
				28BA8DCA1ACC407D00CB91D1 /* AIGameSceneViewController.h */,
				28BA8DCB1ACC407D00CB91D1 /* AIGameSceneViewController.m */,
			);
			path = Classes;
			sourceTree = "<group>";
		};
		28BA8DCC1ACC407D00CB91D1 /* CommonUtils */ = {
			isa = PBXGroup;
			children = (
				28BA8DCD1ACC407D00CB91D1 /* AICommonUtils.h */,
				28BA8DCE1ACC407D00CB91D1 /* AICommonUtils.m */,
				28BA8DCF1ACC407D00CB91D1 /* AIEnumCollection.h */,
				28BA8DD01ACC407D00CB91D1 /* AIGameCard.h */,
				28BA8DD11ACC407D00CB91D1 /* AIGameCard.m */,
				28BA8DD21ACC407D00CB91D1 /* AIGameCardImageView.h */,
				28BA8DD31ACC407D00CB91D1 /* AIGameCardImageView.m */,
				289B267E1AE3C5BC00FF5F4A /* AIGameCardEnlargeView.h */,
				289B267F1AE3C5BC00FF5F4A /* AIGameCardEnlargeView.m */,
			);
			path = CommonUtils;
			sourceTree = "<group>";
		};
/* End PBXGroup section */

/* Begin PBXNativeTarget section */
		28BA8D7C1ACC3F3500CB91D1 /* Balloon */ = {
			isa = PBXNativeTarget;
			buildConfigurationList = 28BA8DA01ACC3F3500CB91D1 /* Build configuration list for PBXNativeTarget "Balloon" */;
			buildPhases = (
				28BA8D791ACC3F3500CB91D1 /* Sources */,
				28BA8D7A1ACC3F3500CB91D1 /* Frameworks */,
				28BA8D7B1ACC3F3500CB91D1 /* Resources */,
			);
			buildRules = (
			);
			dependencies = (
			);
			name = Balloon;
			productName = Balloon;
			productReference = 28BA8D7D1ACC3F3500CB91D1 /* Balloon.app */;
			productType = "com.apple.product-type.application";
		};
		28BA8D951ACC3F3500CB91D1 /* BalloonTests */ = {
			isa = PBXNativeTarget;
			buildConfigurationList = 28BA8DA31ACC3F3500CB91D1 /* Build configuration list for PBXNativeTarget "BalloonTests" */;
			buildPhases = (
				28BA8D921ACC3F3500CB91D1 /* Sources */,
				28BA8D931ACC3F3500CB91D1 /* Frameworks */,
				28BA8D941ACC3F3500CB91D1 /* Resources */,
			);
			buildRules = (
			);
			dependencies = (
				28BA8D981ACC3F3500CB91D1 /* PBXTargetDependency */,
			);
			name = BalloonTests;
			productName = BalloonTests;
			productReference = 28BA8D961ACC3F3500CB91D1 /* BalloonTests.xctest */;
			productType = "com.apple.product-type.bundle.unit-test";
		};
/* End PBXNativeTarget section */

/* Begin PBXProject section */
		28BA8D751ACC3F3500CB91D1 /* Project object */ = {
			isa = PBXProject;
			attributes = {
				LastUpgradeCheck = 0620;
				ORGANIZATIONNAME = myAppIndustry;
				TargetAttributes = {
					28BA8D7C1ACC3F3500CB91D1 = {
						CreatedOnToolsVersion = 6.2;
					};
					28BA8D951ACC3F3500CB91D1 = {
						CreatedOnToolsVersion = 6.2;
						TestTargetID = 28BA8D7C1ACC3F3500CB91D1;
					};
				};
			};
			buildConfigurationList = 28BA8D781ACC3F3500CB91D1 /* Build configuration list for PBXProject "Balloon" */;
			compatibilityVersion = "Xcode 3.2";
			developmentRegion = English;
			hasScannedForEncodings = 0;
			knownRegions = (
				en,
				Base,
			);
			mainGroup = 28BA8D741ACC3F3500CB91D1;
			productRefGroup = 28BA8D7E1ACC3F3500CB91D1 /* Products */;
			projectDirPath = "";
			projectRoot = "";
			targets = (
				28BA8D7C1ACC3F3500CB91D1 /* Balloon */,
				28BA8D951ACC3F3500CB91D1 /* BalloonTests */,
			);
		};
/* End PBXProject section */

/* Begin PBXResourcesBuildPhase section */
		28BA8D7B1ACC3F3500CB91D1 /* Resources */ = {
			isa = PBXResourcesBuildPhase;
			buildActionMask = 2147483647;
			files = (
				28BA8DBD1ACC3FB700CB91D1 /* PlusOne.png in Resources */,
				28BA8DBC1ACC3FB700CB91D1 /* Hold.png in Resources */,
				28BA8DC41ACC3FB700CB91D1 /* ToThirtySecond.png in Resources */,
				28BA8DC11ACC3FB700CB91D1 /* Reverse.png in Resources */,
				28BA8DC31ACC3FB700CB91D1 /* TenSecond.png in Resources */,
				28BA8DB91ACC3FB700CB91D1 /* DoublePlay.png in Resources */,
				28BA8DBA1ACC3FB700CB91D1 /* DownToZeroSecond.png in Resources */,
				28BA8DC51ACC3FB700CB91D1 /* TradeHand.png in Resources */,
				28BA8DB71ACC3FB700CB91D1 /* BackCover.png in Resources */,
				28BA8D8C1ACC3F3500CB91D1 /* Main.storyboard in Resources */,
				28BA8D911ACC3F3500CB91D1 /* LaunchScreen.xib in Resources */,
				28BA8DBE1ACC3FB700CB91D1 /* PlusTwo.png in Resources */,
				28BA8D8E1ACC3F3500CB91D1 /* Images.xcassets in Resources */,
				28BA8DC61ACC3FB700CB91D1 /* UpToSixtySecond.png in Resources */,
				28BA8DC01ACC3FB700CB91D1 /* Popped.png in Resources */,
				28BA8DBF1ACC3FB700CB91D1 /* Pop.png in Resources */,
				28BA8DC21ACC3FB700CB91D1 /* Skip.png in Resources */,
				28BA8DB81ACC3FB700CB91D1 /* BalloonLife.png in Resources */,
				28BA8DBB1ACC3FB700CB91D1 /* FiveSecond.png in Resources */,
			);
			runOnlyForDeploymentPostprocessing = 0;
		};
		28BA8D941ACC3F3500CB91D1 /* Resources */ = {
			isa = PBXResourcesBuildPhase;
			buildActionMask = 2147483647;
			files = (
			);
			runOnlyForDeploymentPostprocessing = 0;
		};
/* End PBXResourcesBuildPhase section */

/* Begin PBXSourcesBuildPhase section */
		28BA8D791ACC3F3500CB91D1 /* Sources */ = {
			isa = PBXSourcesBuildPhase;
			buildActionMask = 2147483647;
			files = (
				28BA8DD71ACC407D00CB91D1 /* AIGameCard.m in Sources */,
				28BA8D891ACC3F3500CB91D1 /* ViewController.m in Sources */,
				28BA8DD41ACC407D00CB91D1 /* AIGameMenuViewController.m in Sources */,
				28BA8D861ACC3F3500CB91D1 /* AppDelegate.m in Sources */,
				28BA8DD81ACC407D00CB91D1 /* AIGameCardImageView.m in Sources */,
				289B26801AE3C5BC00FF5F4A /* AIGameCardEnlargeView.m in Sources */,
				28BA8DD51ACC407D00CB91D1 /* AIGameSceneViewController.m in Sources */,
				28BA8DD61ACC407D00CB91D1 /* AICommonUtils.m in Sources */,
				28BA8D831ACC3F3500CB91D1 /* main.m in Sources */,
			);
			runOnlyForDeploymentPostprocessing = 0;
		};
		28BA8D921ACC3F3500CB91D1 /* Sources */ = {
			isa = PBXSourcesBuildPhase;
			buildActionMask = 2147483647;
			files = (
				28BA8D9D1ACC3F3500CB91D1 /* BalloonTests.m in Sources */,
			);
			runOnlyForDeploymentPostprocessing = 0;
		};
/* End PBXSourcesBuildPhase section */

/* Begin PBXTargetDependency section */
		28BA8D981ACC3F3500CB91D1 /* PBXTargetDependency */ = {
			isa = PBXTargetDependency;
			target = 28BA8D7C1ACC3F3500CB91D1 /* Balloon */;
			targetProxy = 28BA8D971ACC3F3500CB91D1 /* PBXContainerItemProxy */;
		};
/* End PBXTargetDependency section */

/* Begin PBXVariantGroup section */
		28BA8D8A1ACC3F3500CB91D1 /* Main.storyboard */ = {
			isa = PBXVariantGroup;
			children = (
				28BA8D8B1ACC3F3500CB91D1 /* Base */,
			);
			name = Main.storyboard;
			sourceTree = "<group>";
		};
		28BA8D8F1ACC3F3500CB91D1 /* LaunchScreen.xib */ = {
			isa = PBXVariantGroup;
			children = (
				28BA8D901ACC3F3500CB91D1 /* Base */,
			);
			name = LaunchScreen.xib;
			sourceTree = "<group>";
		};
/* End PBXVariantGroup section */

/* Begin XCBuildConfiguration section */
		28BA8D9E1ACC3F3500CB91D1 /* Debug */ = {
			isa = XCBuildConfiguration;
			buildSettings = {
				ALWAYS_SEARCH_USER_PATHS = NO;
				CLANG_CXX_LANGUAGE_STANDARD = "gnu++0x";
				CLANG_CXX_LIBRARY = "libc++";
				CLANG_ENABLE_MODULES = YES;
				CLANG_ENABLE_OBJC_ARC = YES;
				CLANG_WARN_BOOL_CONVERSION = YES;
				CLANG_WARN_CONSTANT_CONVERSION = YES;
				CLANG_WARN_DIRECT_OBJC_ISA_USAGE = YES_ERROR;
				CLANG_WARN_EMPTY_BODY = YES;
				CLANG_WARN_ENUM_CONVERSION = YES;
				CLANG_WARN_INT_CONVERSION = YES;
				CLANG_WARN_OBJC_ROOT_CLASS = YES_ERROR;
				CLANG_WARN_UNREACHABLE_CODE = YES;
				CLANG_WARN__DUPLICATE_METHOD_MATCH = YES;
				"CODE_SIGN_IDENTITY[sdk=iphoneos*]" = "iPhone Developer";
				COPY_PHASE_STRIP = NO;
				ENABLE_STRICT_OBJC_MSGSEND = YES;
				GCC_C_LANGUAGE_STANDARD = gnu99;
				GCC_DYNAMIC_NO_PIC = NO;
				GCC_OPTIMIZATION_LEVEL = 0;
				GCC_PREPROCESSOR_DEFINITIONS = (
					"DEBUG=1",
					"$(inherited)",
				);
				GCC_SYMBOLS_PRIVATE_EXTERN = NO;
				GCC_WARN_64_TO_32_BIT_CONVERSION = YES;
				GCC_WARN_ABOUT_RETURN_TYPE = YES_ERROR;
				GCC_WARN_UNDECLARED_SELECTOR = YES;
				GCC_WARN_UNINITIALIZED_AUTOS = YES_AGGRESSIVE;
				GCC_WARN_UNUSED_FUNCTION = YES;
				GCC_WARN_UNUSED_VARIABLE = YES;
				IPHONEOS_DEPLOYMENT_TARGET = 8.2;
				MTL_ENABLE_DEBUG_INFO = YES;
				ONLY_ACTIVE_ARCH = YES;
				SDKROOT = iphoneos;
			};
			name = Debug;
		};
		28BA8D9F1ACC3F3500CB91D1 /* Release */ = {
			isa = XCBuildConfiguration;
			buildSettings = {
				ALWAYS_SEARCH_USER_PATHS = NO;
				CLANG_CXX_LANGUAGE_STANDARD = "gnu++0x";
				CLANG_CXX_LIBRARY = "libc++";
				CLANG_ENABLE_MODULES = YES;
				CLANG_ENABLE_OBJC_ARC = YES;
				CLANG_WARN_BOOL_CONVERSION = YES;
				CLANG_WARN_CONSTANT_CONVERSION = YES;
				CLANG_WARN_DIRECT_OBJC_ISA_USAGE = YES_ERROR;
				CLANG_WARN_EMPTY_BODY = YES;
				CLANG_WARN_ENUM_CONVERSION = YES;
				CLANG_WARN_INT_CONVERSION = YES;
				CLANG_WARN_OBJC_ROOT_CLASS = YES_ERROR;
				CLANG_WARN_UNREACHABLE_CODE = YES;
				CLANG_WARN__DUPLICATE_METHOD_MATCH = YES;
				"CODE_SIGN_IDENTITY[sdk=iphoneos*]" = "iPhone Developer";
				COPY_PHASE_STRIP = NO;
				ENABLE_NS_ASSERTIONS = NO;
				ENABLE_STRICT_OBJC_MSGSEND = YES;
				GCC_C_LANGUAGE_STANDARD = gnu99;
				GCC_WARN_64_TO_32_BIT_CONVERSION = YES;
				GCC_WARN_ABOUT_RETURN_TYPE = YES_ERROR;
				GCC_WARN_UNDECLARED_SELECTOR = YES;
				GCC_WARN_UNINITIALIZED_AUTOS = YES_AGGRESSIVE;
				GCC_WARN_UNUSED_FUNCTION = YES;
				GCC_WARN_UNUSED_VARIABLE = YES;
				IPHONEOS_DEPLOYMENT_TARGET = 8.2;
				MTL_ENABLE_DEBUG_INFO = NO;
				SDKROOT = iphoneos;
				VALIDATE_PRODUCT = YES;
			};
			name = Release;
		};
		28BA8DA11ACC3F3500CB91D1 /* Debug */ = {
			isa = XCBuildConfiguration;
			buildSettings = {
				ASSETCATALOG_COMPILER_APPICON_NAME = AppIcon;
				INFOPLIST_FILE = Balloon/Info.plist;
				IPHONEOS_DEPLOYMENT_TARGET = 8.3;
				LD_RUNPATH_SEARCH_PATHS = "$(inherited) @executable_path/Frameworks";
				PRODUCT_NAME = "$(TARGET_NAME)";
			};
			name = Debug;
		};
		28BA8DA21ACC3F3500CB91D1 /* Release */ = {
			isa = XCBuildConfiguration;
			buildSettings = {
				ASSETCATALOG_COMPILER_APPICON_NAME = AppIcon;
				INFOPLIST_FILE = Balloon/Info.plist;
				IPHONEOS_DEPLOYMENT_TARGET = 8.3;
				LD_RUNPATH_SEARCH_PATHS = "$(inherited) @executable_path/Frameworks";
				PRODUCT_NAME = "$(TARGET_NAME)";
			};
			name = Release;
		};
		28BA8DA41ACC3F3500CB91D1 /* Debug */ = {
			isa = XCBuildConfiguration;
			buildSettings = {
				BUNDLE_LOADER = "$(TEST_HOST)";
				FRAMEWORK_SEARCH_PATHS = (
					"$(SDKROOT)/Developer/Library/Frameworks",
					"$(inherited)",
				);
				GCC_PREPROCESSOR_DEFINITIONS = (
					"DEBUG=1",
					"$(inherited)",
				);
				INFOPLIST_FILE = BalloonTests/Info.plist;
				LD_RUNPATH_SEARCH_PATHS = "$(inherited) @executable_path/Frameworks @loader_path/Frameworks";
				PRODUCT_NAME = "$(TARGET_NAME)";
				TEST_HOST = "$(BUILT_PRODUCTS_DIR)/Balloon.app/Balloon";
			};
			name = Debug;
		};
		28BA8DA51ACC3F3500CB91D1 /* Release */ = {
			isa = XCBuildConfiguration;
			buildSettings = {
				BUNDLE_LOADER = "$(TEST_HOST)";
				FRAMEWORK_SEARCH_PATHS = (
					"$(SDKROOT)/Developer/Library/Frameworks",
					"$(inherited)",
				);
				INFOPLIST_FILE = BalloonTests/Info.plist;
				LD_RUNPATH_SEARCH_PATHS = "$(inherited) @executable_path/Frameworks @loader_path/Frameworks";
				PRODUCT_NAME = "$(TARGET_NAME)";
				TEST_HOST = "$(BUILT_PRODUCTS_DIR)/Balloon.app/Balloon";
			};
			name = Release;
		};
/* End XCBuildConfiguration section */

/* Begin XCConfigurationList section */
		28BA8D781ACC3F3500CB91D1 /* Build configuration list for PBXProject "Balloon" */ = {
			isa = XCConfigurationList;
			buildConfigurations = (
				28BA8D9E1ACC3F3500CB91D1 /* Debug */,
				28BA8D9F1ACC3F3500CB91D1 /* Release */,
			);
			defaultConfigurationIsVisible = 0;
			defaultConfigurationName = Release;
		};
		28BA8DA01ACC3F3500CB91D1 /* Build configuration list for PBXNativeTarget "Balloon" */ = {
			isa = XCConfigurationList;
			buildConfigurations = (
				28BA8DA11ACC3F3500CB91D1 /* Debug */,
				28BA8DA21ACC3F3500CB91D1 /* Release */,
			);
			defaultConfigurationIsVisible = 0;
			defaultConfigurationName = Release;
		};
		28BA8DA31ACC3F3500CB91D1 /* Build configuration list for PBXNativeTarget "BalloonTests" */ = {
			isa = XCConfigurationList;
			buildConfigurations = (
				28BA8DA41ACC3F3500CB91D1 /* Debug */,
				28BA8DA51ACC3F3500CB91D1 /* Release */,
			);
			defaultConfigurationIsVisible = 0;
			defaultConfigurationName = Release;
		};
/* End XCConfigurationList section */
	};
	rootObject = 28BA8D751ACC3F3500CB91D1 /* Project object */;
}
