// !$*UTF8*$!
{
	archiveVersion = 1;
	classes = {
	};
	objectVersion = 46;
	objects = {

/* Begin PBXBuildFile section */
		2881376F1B31AF0200870331 /* GameKit.framework in Frameworks */ = {isa = PBXBuildFile; fileRef = 2881376E1B31AF0200870331 /* GameKit.framework */; };
		28BA8D831ACC3F3500CB91D1 /* main.m in Sources */ = {isa = PBXBuildFile; fileRef = 28BA8D821ACC3F3500CB91D1 /* main.m */; };
		28BA8D861ACC3F3500CB91D1 /* AppDelegate.m in Sources */ = {isa = PBXBuildFile; fileRef = 28BA8D851ACC3F3500CB91D1 /* AppDelegate.m */; };
		28BA8D8C1ACC3F3500CB91D1 /* Main.storyboard in Resources */ = {isa = PBXBuildFile; fileRef = 28BA8D8A1ACC3F3500CB91D1 /* Main.storyboard */; };
		28BA8D8E1ACC3F3500CB91D1 /* Images.xcassets in Resources */ = {isa = PBXBuildFile; fileRef = 28BA8D8D1ACC3F3500CB91D1 /* Images.xcassets */; };
		28BA8D911ACC3F3500CB91D1 /* LaunchScreen.xib in Resources */ = {isa = PBXBuildFile; fileRef = 28BA8D8F1ACC3F3500CB91D1 /* LaunchScreen.xib */; };
		28BA8D9D1ACC3F3500CB91D1 /* BalloonTests.m in Sources */ = {isa = PBXBuildFile; fileRef = 28BA8D9C1ACC3F3500CB91D1 /* BalloonTests.m */; };
		28BA8DB71ACC3FB700CB91D1 /* BackCover.png in Resources */ = {isa = PBXBuildFile; fileRef = 28BA8DA71ACC3FB700CB91D1 /* BackCover.png */; };
		28BA8DB81ACC3FB700CB91D1 /* BalloonLife.png in Resources */ = {isa = PBXBuildFile; fileRef = 28BA8DA81ACC3FB700CB91D1 /* BalloonLife.png */; };
		28BA8DB91ACC3FB700CB91D1 /* DoublePlay.png in Resources */ = {isa = PBXBuildFile; fileRef = 28BA8DA91ACC3FB700CB91D1 /* DoublePlay.png */; };
		28BA8DBA1ACC3FB700CB91D1 /* DownToZeroSecond.png in Resources */ = {isa = PBXBuildFile; fileRef = 28BA8DAA1ACC3FB700CB91D1 /* DownToZeroSecond.png */; };
		28BA8DBB1ACC3FB700CB91D1 /* FiveSecond.png in Resources */ = {isa = PBXBuildFile; fileRef = 28BA8DAB1ACC3FB700CB91D1 /* FiveSecond.png */; };
		28BA8DBC1ACC3FB700CB91D1 /* Hold.png in Resources */ = {isa = PBXBuildFile; fileRef = 28BA8DAC1ACC3FB700CB91D1 /* Hold.png */; };
		28BA8DBD1ACC3FB700CB91D1 /* PlusOne.png in Resources */ = {isa = PBXBuildFile; fileRef = 28BA8DAD1ACC3FB700CB91D1 /* PlusOne.png */; };
		28BA8DBE1ACC3FB700CB91D1 /* PlusTwo.png in Resources */ = {isa = PBXBuildFile; fileRef = 28BA8DAE1ACC3FB700CB91D1 /* PlusTwo.png */; };
		28BA8DBF1ACC3FB700CB91D1 /* Pop.png in Resources */ = {isa = PBXBuildFile; fileRef = 28BA8DAF1ACC3FB700CB91D1 /* Pop.png */; };
		28BA8DC01ACC3FB700CB91D1 /* Popped.png in Resources */ = {isa = PBXBuildFile; fileRef = 28BA8DB01ACC3FB700CB91D1 /* Popped.png */; };
		28BA8DC11ACC3FB700CB91D1 /* Reverse.png in Resources */ = {isa = PBXBuildFile; fileRef = 28BA8DB11ACC3FB700CB91D1 /* Reverse.png */; };
		28BA8DC21ACC3FB700CB91D1 /* Skip.png in Resources */ = {isa = PBXBuildFile; fileRef = 28BA8DB21ACC3FB700CB91D1 /* Skip.png */; };
		28BA8DC31ACC3FB700CB91D1 /* TenSecond.png in Resources */ = {isa = PBXBuildFile; fileRef = 28BA8DB31ACC3FB700CB91D1 /* TenSecond.png */; };
		28BA8DC41ACC3FB700CB91D1 /* ToThirtySecond.png in Resources */ = {isa = PBXBuildFile; fileRef = 28BA8DB41ACC3FB700CB91D1 /* ToThirtySecond.png */; };
		28BA8DC51ACC3FB700CB91D1 /* TradeHand.png in Resources */ = {isa = PBXBuildFile; fileRef = 28BA8DB51ACC3FB700CB91D1 /* TradeHand.png */; };
		28BA8DC61ACC3FB700CB91D1 /* UpToSixtySecond.png in Resources */ = {isa = PBXBuildFile; fileRef = 28BA8DB61ACC3FB700CB91D1 /* UpToSixtySecond.png */; };
		28BA8DD41ACC407D00CB91D1 /* AIGameMenuViewController.m in Sources */ = {isa = PBXBuildFile; fileRef = 28BA8DC91ACC407D00CB91D1 /* AIGameMenuViewController.m */; };
		28BA8DD51ACC407D00CB91D1 /* AIGameSceneViewController.m in Sources */ = {isa = PBXBuildFile; fileRef = 28BA8DCB1ACC407D00CB91D1 /* AIGameSceneViewController.m */; };
		28BA8DD61ACC407D00CB91D1 /* AICommonUtils.m in Sources */ = {isa = PBXBuildFile; fileRef = 28BA8DCE1ACC407D00CB91D1 /* AICommonUtils.m */; };
		28D0F3531B0850DC00603401 /* AISinglePlayerSelectionViewController.m in Sources */ = {isa = PBXBuildFile; fileRef = 28D0F3521B0850DC00603401 /* AISinglePlayerSelectionViewController.m */; };
		BC1DD1291D48758E00B618B5 /* AIGameCard.m in Sources */ = {isa = PBXBuildFile; fileRef = BC1DD1241D48758E00B618B5 /* AIGameCard.m */; };
		BC1DD12A1D48758E00B618B5 /* AIGameCardEnlargeView.m in Sources */ = {isa = PBXBuildFile; fileRef = BC1DD1261D48758E00B618B5 /* AIGameCardEnlargeView.m */; };
		BC1DD12B1D48758E00B618B5 /* AIGameCardImageView.m in Sources */ = {isa = PBXBuildFile; fileRef = BC1DD1281D48758E00B618B5 /* AIGameCardImageView.m */; };
		BC1DD1371D488C9900B618B5 /* GamePlay.m in Sources */ = {isa = PBXBuildFile; fileRef = BC1DD1361D488C9900B618B5 /* GamePlay.m */; };
		BC1DD13A1D488F0900B618B5 /* GameMechanics.m in Sources */ = {isa = PBXBuildFile; fileRef = BC1DD1391D488F0900B618B5 /* GameMechanics.m */; };
		BC1DD13E1D48979000B618B5 /* GamePlayer.m in Sources */ = {isa = PBXBuildFile; fileRef = BC1DD13D1D48979000B618B5 /* GamePlayer.m */; };
		BC1DD1411D48A1D600B618B5 /* GameCardDeck.m in Sources */ = {isa = PBXBuildFile; fileRef = BC1DD1401D48A1D600B618B5 /* GameCardDeck.m */; };
		BC1DD1451D49B3DE00B618B5 /* GameInGameSettings.m in Sources */ = {isa = PBXBuildFile; fileRef = BC1DD1441D49B3DE00B618B5 /* GameInGameSettings.m */; };
		BC1DD1481D49B3F300B618B5 /* GameWorldSettings.m in Sources */ = {isa = PBXBuildFile; fileRef = BC1DD1471D49B3F300B618B5 /* GameWorldSettings.m */; };
		BC21C9D21DF7F4F10010A90E /* Localizable.m in Sources */ = {isa = PBXBuildFile; fileRef = BC21C9D11DF7F4F10010A90E /* Localizable.m */; };
		BC21C9D41DF7F51E0010A90E /* Localizable.strings in Resources */ = {isa = PBXBuildFile; fileRef = BC21C9D31DF7F51E0010A90E /* Localizable.strings */; };
/* End PBXBuildFile section */

/* Begin PBXContainerItemProxy section */
		28BA8D971ACC3F3500CB91D1 /* PBXContainerItemProxy */ = {
			isa = PBXContainerItemProxy;
			containerPortal = 28BA8D751ACC3F3500CB91D1 /* Project object */;
			proxyType = 1;
			remoteGlobalIDString = 28BA8D7C1ACC3F3500CB91D1;
			remoteInfo = Balloon;
		};
/* End PBXContainerItemProxy section */

/* Begin PBXFileReference section */
		2881376E1B31AF0200870331 /* GameKit.framework */ = {isa = PBXFileReference; lastKnownFileType = wrapper.framework; name = GameKit.framework; path = System/Library/Frameworks/GameKit.framework; sourceTree = SDKROOT; };
		28BA8D7D1ACC3F3500CB91D1 /* Balloon.app */ = {isa = PBXFileReference; explicitFileType = wrapper.application; includeInIndex = 0; path = Balloon.app; sourceTree = BUILT_PRODUCTS_DIR; };
		28BA8D811ACC3F3500CB91D1 /* Info.plist */ = {isa = PBXFileReference; lastKnownFileType = text.plist.xml; path = Info.plist; sourceTree = "<group>"; };
		28BA8D821ACC3F3500CB91D1 /* main.m */ = {isa = PBXFileReference; lastKnownFileType = sourcecode.c.objc; path = main.m; sourceTree = "<group>"; };
		28BA8D841ACC3F3500CB91D1 /* AppDelegate.h */ = {isa = PBXFileReference; lastKnownFileType = sourcecode.c.h; path = AppDelegate.h; sourceTree = "<group>"; };
		28BA8D851ACC3F3500CB91D1 /* AppDelegate.m */ = {isa = PBXFileReference; lastKnownFileType = sourcecode.c.objc; path = AppDelegate.m; sourceTree = "<group>"; };
		28BA8D8B1ACC3F3500CB91D1 /* Base */ = {isa = PBXFileReference; lastKnownFileType = file.storyboard; name = Base; path = Base.lproj/Main.storyboard; sourceTree = "<group>"; };
		28BA8D8D1ACC3F3500CB91D1 /* Images.xcassets */ = {isa = PBXFileReference; lastKnownFileType = folder.assetcatalog; path = Images.xcassets; sourceTree = "<group>"; };
		28BA8D901ACC3F3500CB91D1 /* Base */ = {isa = PBXFileReference; lastKnownFileType = file.xib; name = Base; path = Base.lproj/LaunchScreen.xib; sourceTree = "<group>"; };
		28BA8D961ACC3F3500CB91D1 /* BalloonTests.xctest */ = {isa = PBXFileReference; explicitFileType = wrapper.cfbundle; includeInIndex = 0; path = BalloonTests.xctest; sourceTree = BUILT_PRODUCTS_DIR; };
		28BA8D9B1ACC3F3500CB91D1 /* Info.plist */ = {isa = PBXFileReference; lastKnownFileType = text.plist.xml; path = Info.plist; sourceTree = "<group>"; };
		28BA8D9C1ACC3F3500CB91D1 /* BalloonTests.m */ = {isa = PBXFileReference; lastKnownFileType = sourcecode.c.objc; path = BalloonTests.m; sourceTree = "<group>"; };
		28BA8DA71ACC3FB700CB91D1 /* BackCover.png */ = {isa = PBXFileReference; lastKnownFileType = image.png; path = BackCover.png; sourceTree = "<group>"; };
		28BA8DA81ACC3FB700CB91D1 /* BalloonLife.png */ = {isa = PBXFileReference; lastKnownFileType = image.png; path = BalloonLife.png; sourceTree = "<group>"; };
		28BA8DA91ACC3FB700CB91D1 /* DoublePlay.png */ = {isa = PBXFileReference; lastKnownFileType = image.png; path = DoublePlay.png; sourceTree = "<group>"; };
		28BA8DAA1ACC3FB700CB91D1 /* DownToZeroSecond.png */ = {isa = PBXFileReference; lastKnownFileType = image.png; path = DownToZeroSecond.png; sourceTree = "<group>"; };
		28BA8DAB1ACC3FB700CB91D1 /* FiveSecond.png */ = {isa = PBXFileReference; lastKnownFileType = image.png; path = FiveSecond.png; sourceTree = "<group>"; };
		28BA8DAC1ACC3FB700CB91D1 /* Hold.png */ = {isa = PBXFileReference; lastKnownFileType = image.png; path = Hold.png; sourceTree = "<group>"; };
		28BA8DAD1ACC3FB700CB91D1 /* PlusOne.png */ = {isa = PBXFileReference; lastKnownFileType = image.png; path = PlusOne.png; sourceTree = "<group>"; };
		28BA8DAE1ACC3FB700CB91D1 /* PlusTwo.png */ = {isa = PBXFileReference; lastKnownFileType = image.png; path = PlusTwo.png; sourceTree = "<group>"; };
		28BA8DAF1ACC3FB700CB91D1 /* Pop.png */ = {isa = PBXFileReference; lastKnownFileType = image.png; path = Pop.png; sourceTree = "<group>"; };
		28BA8DB01ACC3FB700CB91D1 /* Popped.png */ = {isa = PBXFileReference; lastKnownFileType = image.png; path = Popped.png; sourceTree = "<group>"; };
		28BA8DB11ACC3FB700CB91D1 /* Reverse.png */ = {isa = PBXFileReference; lastKnownFileType = image.png; path = Reverse.png; sourceTree = "<group>"; };
		28BA8DB21ACC3FB700CB91D1 /* Skip.png */ = {isa = PBXFileReference; lastKnownFileType = image.png; path = Skip.png; sourceTree = "<group>"; };
		28BA8DB31ACC3FB700CB91D1 /* TenSecond.png */ = {isa = PBXFileReference; lastKnownFileType = image.png; path = TenSecond.png; sourceTree = "<group>"; };
		28BA8DB41ACC3FB700CB91D1 /* ToThirtySecond.png */ = {isa = PBXFileReference; lastKnownFileType = image.png; path = ToThirtySecond.png; sourceTree = "<group>"; };
		28BA8DB51ACC3FB700CB91D1 /* TradeHand.png */ = {isa = PBXFileReference; lastKnownFileType = image.png; path = TradeHand.png; sourceTree = "<group>"; };
		28BA8DB61ACC3FB700CB91D1 /* UpToSixtySecond.png */ = {isa = PBXFileReference; lastKnownFileType = image.png; path = UpToSixtySecond.png; sourceTree = "<group>"; };
		28BA8DC81ACC407D00CB91D1 /* AIGameMenuViewController.h */ = {isa = PBXFileReference; fileEncoding = 4; lastKnownFileType = sourcecode.c.h; path = AIGameMenuViewController.h; sourceTree = "<group>"; };
		28BA8DC91ACC407D00CB91D1 /* AIGameMenuViewController.m */ = {isa = PBXFileReference; fileEncoding = 4; lastKnownFileType = sourcecode.c.objc; path = AIGameMenuViewController.m; sourceTree = "<group>"; };
		28BA8DCA1ACC407D00CB91D1 /* AIGameSceneViewController.h */ = {isa = PBXFileReference; fileEncoding = 4; lastKnownFileType = sourcecode.c.h; path = AIGameSceneViewController.h; sourceTree = "<group>"; };
		28BA8DCB1ACC407D00CB91D1 /* AIGameSceneViewController.m */ = {isa = PBXFileReference; fileEncoding = 4; lastKnownFileType = sourcecode.c.objc; path = AIGameSceneViewController.m; sourceTree = "<group>"; };
		28BA8DCD1ACC407D00CB91D1 /* AICommonUtils.h */ = {isa = PBXFileReference; fileEncoding = 4; lastKnownFileType = sourcecode.c.h; path = AICommonUtils.h; sourceTree = "<group>"; };
		28BA8DCE1ACC407D00CB91D1 /* AICommonUtils.m */ = {isa = PBXFileReference; fileEncoding = 4; lastKnownFileType = sourcecode.c.objc; path = AICommonUtils.m; sourceTree = "<group>"; };
		28BA8DCF1ACC407D00CB91D1 /* AIEnumCollection.h */ = {isa = PBXFileReference; fileEncoding = 4; lastKnownFileType = sourcecode.c.h; path = AIEnumCollection.h; sourceTree = "<group>"; };
		28D0F3511B0850DC00603401 /* AISinglePlayerSelectionViewController.h */ = {isa = PBXFileReference; fileEncoding = 4; lastKnownFileType = sourcecode.c.h; path = AISinglePlayerSelectionViewController.h; sourceTree = "<group>"; };
		28D0F3521B0850DC00603401 /* AISinglePlayerSelectionViewController.m */ = {isa = PBXFileReference; fileEncoding = 4; lastKnownFileType = sourcecode.c.objc; path = AISinglePlayerSelectionViewController.m; sourceTree = "<group>"; };
		BC1DD1231D48758E00B618B5 /* AIGameCard.h */ = {isa = PBXFileReference; fileEncoding = 4; lastKnownFileType = sourcecode.c.h; name = AIGameCard.h; path = Common/Object/AIGameCard.h; sourceTree = "<group>"; };
		BC1DD1241D48758E00B618B5 /* AIGameCard.m */ = {isa = PBXFileReference; fileEncoding = 4; lastKnownFileType = sourcecode.c.objc; name = AIGameCard.m; path = Common/Object/AIGameCard.m; sourceTree = "<group>"; };
		BC1DD1251D48758E00B618B5 /* AIGameCardEnlargeView.h */ = {isa = PBXFileReference; fileEncoding = 4; lastKnownFileType = sourcecode.c.h; name = AIGameCardEnlargeView.h; path = Common/Object/AIGameCardEnlargeView.h; sourceTree = "<group>"; };
		BC1DD1261D48758E00B618B5 /* AIGameCardEnlargeView.m */ = {isa = PBXFileReference; fileEncoding = 4; lastKnownFileType = sourcecode.c.objc; name = AIGameCardEnlargeView.m; path = Common/Object/AIGameCardEnlargeView.m; sourceTree = "<group>"; };
		BC1DD1271D48758E00B618B5 /* AIGameCardImageView.h */ = {isa = PBXFileReference; fileEncoding = 4; lastKnownFileType = sourcecode.c.h; name = AIGameCardImageView.h; path = Common/Object/AIGameCardImageView.h; sourceTree = "<group>"; };
		BC1DD1281D48758E00B618B5 /* AIGameCardImageView.m */ = {isa = PBXFileReference; fileEncoding = 4; lastKnownFileType = sourcecode.c.objc; name = AIGameCardImageView.m; path = Common/Object/AIGameCardImageView.m; sourceTree = "<group>"; };
		BC1DD1351D488C9900B618B5 /* GamePlay.h */ = {isa = PBXFileReference; fileEncoding = 4; lastKnownFileType = sourcecode.c.h; name = GamePlay.h; path = Common/GameEngine/GamePlay/GamePlay.h; sourceTree = "<group>"; };
		BC1DD1361D488C9900B618B5 /* GamePlay.m */ = {isa = PBXFileReference; fileEncoding = 4; lastKnownFileType = sourcecode.c.objc; name = GamePlay.m; path = Common/GameEngine/GamePlay/GamePlay.m; sourceTree = "<group>"; };
		BC1DD1381D488F0900B618B5 /* GameMechanics.h */ = {isa = PBXFileReference; fileEncoding = 4; lastKnownFileType = sourcecode.c.h; name = GameMechanics.h; path = Common/GameEngine/GameMechanics/GameMechanics.h; sourceTree = "<group>"; };
		BC1DD1391D488F0900B618B5 /* GameMechanics.m */ = {isa = PBXFileReference; fileEncoding = 4; lastKnownFileType = sourcecode.c.objc; name = GameMechanics.m; path = Common/GameEngine/GameMechanics/GameMechanics.m; sourceTree = "<group>"; };
		BC1DD13C1D48979000B618B5 /* GamePlayer.h */ = {isa = PBXFileReference; fileEncoding = 4; lastKnownFileType = sourcecode.c.h; name = GamePlayer.h; path = Common/GameEngine/GameObject/GamePlayer.h; sourceTree = "<group>"; };
		BC1DD13D1D48979000B618B5 /* GamePlayer.m */ = {isa = PBXFileReference; fileEncoding = 4; lastKnownFileType = sourcecode.c.objc; name = GamePlayer.m; path = Common/GameEngine/GameObject/GamePlayer.m; sourceTree = "<group>"; };
		BC1DD13F1D48A1D600B618B5 /* GameCardDeck.h */ = {isa = PBXFileReference; fileEncoding = 4; lastKnownFileType = sourcecode.c.h; name = GameCardDeck.h; path = Common/GameEngine/GameObject/GameCardDeck.h; sourceTree = "<group>"; };
		BC1DD1401D48A1D600B618B5 /* GameCardDeck.m */ = {isa = PBXFileReference; fileEncoding = 4; lastKnownFileType = sourcecode.c.objc; name = GameCardDeck.m; path = Common/GameEngine/GameObject/GameCardDeck.m; sourceTree = "<group>"; };
		BC1DD1431D49B3DE00B618B5 /* GameInGameSettings.h */ = {isa = PBXFileReference; fileEncoding = 4; lastKnownFileType = sourcecode.c.h; name = GameInGameSettings.h; path = Common/GameEngine/GameSettings/GameInGameSettings.h; sourceTree = "<group>"; };
		BC1DD1441D49B3DE00B618B5 /* GameInGameSettings.m */ = {isa = PBXFileReference; fileEncoding = 4; lastKnownFileType = sourcecode.c.objc; name = GameInGameSettings.m; path = Common/GameEngine/GameSettings/GameInGameSettings.m; sourceTree = "<group>"; };
		BC1DD1461D49B3F300B618B5 /* GameWorldSettings.h */ = {isa = PBXFileReference; fileEncoding = 4; lastKnownFileType = sourcecode.c.h; name = GameWorldSettings.h; path = Common/GameEngine/GameSettings/GameWorldSettings.h; sourceTree = "<group>"; };
		BC1DD1471D49B3F300B618B5 /* GameWorldSettings.m */ = {isa = PBXFileReference; fileEncoding = 4; lastKnownFileType = sourcecode.c.objc; name = GameWorldSettings.m; path = Common/GameEngine/GameSettings/GameWorldSettings.m; sourceTree = "<group>"; };
		BC21C9D01DF7F4F10010A90E /* Localizable.h */ = {isa = PBXFileReference; fileEncoding = 4; lastKnownFileType = sourcecode.c.h; name = Localizable.h; path = Common/Localizable/Localizable.h; sourceTree = "<group>"; };
		BC21C9D11DF7F4F10010A90E /* Localizable.m */ = {isa = PBXFileReference; fileEncoding = 4; lastKnownFileType = sourcecode.c.objc; name = Localizable.m; path = Common/Localizable/Localizable.m; sourceTree = "<group>"; };
		BC21C9D31DF7F51E0010A90E /* Localizable.strings */ = {isa = PBXFileReference; fileEncoding = 4; lastKnownFileType = text.plist.strings; name = Localizable.strings; path = Common/Localizable/Localizable.strings; sourceTree = "<group>"; };
/* End PBXFileReference section */

/* Begin PBXFrameworksBuildPhase section */
		28BA8D7A1ACC3F3500CB91D1 /* Frameworks */ = {
			isa = PBXFrameworksBuildPhase;
			buildActionMask = 2147483647;
			files = (
				2881376F1B31AF0200870331 /* GameKit.framework in Frameworks */,
			);
			runOnlyForDeploymentPostprocessing = 0;
		};
		28BA8D931ACC3F3500CB91D1 /* Frameworks */ = {
			isa = PBXFrameworksBuildPhase;
			buildActionMask = 2147483647;
			files = (
			);
			runOnlyForDeploymentPostprocessing = 0;
		};
/* End PBXFrameworksBuildPhase section */

/* Begin PBXGroup section */
		28659C3E1B31B00A00BE2B71 /* Framework */ = {
			isa = PBXGroup;
			children = (
				2881376E1B31AF0200870331 /* GameKit.framework */,
			);
			name = Framework;
			sourceTree = "<group>";
		};
		28BA8D741ACC3F3500CB91D1 = {
			isa = PBXGroup;
			children = (
				28BA8D7F1ACC3F3500CB91D1 /* Balloon */,
				28BA8D991ACC3F3500CB91D1 /* BalloonTests */,
				28BA8D7E1ACC3F3500CB91D1 /* Products */,
			);
			sourceTree = "<group>";
		};
		28BA8D7E1ACC3F3500CB91D1 /* Products */ = {
			isa = PBXGroup;
			children = (
				28BA8D7D1ACC3F3500CB91D1 /* Balloon.app */,
				28BA8D961ACC3F3500CB91D1 /* BalloonTests.xctest */,
			);
			name = Products;
			sourceTree = "<group>";
		};
		28BA8D7F1ACC3F3500CB91D1 /* Balloon */ = {
			isa = PBXGroup;
			children = (
				28BA8D841ACC3F3500CB91D1 /* AppDelegate.h */,
				28BA8D851ACC3F3500CB91D1 /* AppDelegate.m */,
				28BA8D8A1ACC3F3500CB91D1 /* Main.storyboard */,
				BC1DD1211D48752E00B618B5 /* Common */,
				28BA8DCC1ACC407D00CB91D1 /* CommonUtils */,
				28BA8DC71ACC407D00CB91D1 /* Classes */,
				28BA8D8D1ACC3F3500CB91D1 /* Images.xcassets */,
				28BA8D8F1ACC3F3500CB91D1 /* LaunchScreen.xib */,
				28BA8D801ACC3F3500CB91D1 /* Supporting Files */,
			);
			path = Balloon;
			sourceTree = "<group>";
		};
		28BA8D801ACC3F3500CB91D1 /* Supporting Files */ = {
			isa = PBXGroup;
			children = (
				28659C3E1B31B00A00BE2B71 /* Framework */,
				28BA8DA61ACC3FB700CB91D1 /* BalloonPopperCardImage */,
				28BA8D811ACC3F3500CB91D1 /* Info.plist */,
				28BA8D821ACC3F3500CB91D1 /* main.m */,
			);
			name = "Supporting Files";
			sourceTree = "<group>";
		};
		28BA8D991ACC3F3500CB91D1 /* BalloonTests */ = {
			isa = PBXGroup;
			children = (
				28BA8D9C1ACC3F3500CB91D1 /* BalloonTests.m */,
				28BA8D9A1ACC3F3500CB91D1 /* Supporting Files */,
			);
			path = BalloonTests;
			sourceTree = "<group>";
		};
		28BA8D9A1ACC3F3500CB91D1 /* Supporting Files */ = {
			isa = PBXGroup;
			children = (
				28BA8D9B1ACC3F3500CB91D1 /* Info.plist */,
			);
			name = "Supporting Files";
			sourceTree = "<group>";
		};
		28BA8DA61ACC3FB700CB91D1 /* BalloonPopperCardImage */ = {
			isa = PBXGroup;
			children = (
				28BA8DA71ACC3FB700CB91D1 /* BackCover.png */,
				28BA8DA81ACC3FB700CB91D1 /* BalloonLife.png */,
				28BA8DA91ACC3FB700CB91D1 /* DoublePlay.png */,
				28BA8DAA1ACC3FB700CB91D1 /* DownToZeroSecond.png */,
				28BA8DAB1ACC3FB700CB91D1 /* FiveSecond.png */,
				28BA8DAC1ACC3FB700CB91D1 /* Hold.png */,
				28BA8DAD1ACC3FB700CB91D1 /* PlusOne.png */,
				28BA8DAE1ACC3FB700CB91D1 /* PlusTwo.png */,
				28BA8DAF1ACC3FB700CB91D1 /* Pop.png */,
				28BA8DB01ACC3FB700CB91D1 /* Popped.png */,
				28BA8DB11ACC3FB700CB91D1 /* Reverse.png */,
				28BA8DB21ACC3FB700CB91D1 /* Skip.png */,
				28BA8DB31ACC3FB700CB91D1 /* TenSecond.png */,
				28BA8DB41ACC3FB700CB91D1 /* ToThirtySecond.png */,
				28BA8DB51ACC3FB700CB91D1 /* TradeHand.png */,
				28BA8DB61ACC3FB700CB91D1 /* UpToSixtySecond.png */,
			);
			path = BalloonPopperCardImage;
			sourceTree = "<group>";
		};
		28BA8DC71ACC407D00CB91D1 /* Classes */ = {
			isa = PBXGroup;
			children = (
				28BA8DC81ACC407D00CB91D1 /* AIGameMenuViewController.h */,
				28BA8DC91ACC407D00CB91D1 /* AIGameMenuViewController.m */,
				28D0F3511B0850DC00603401 /* AISinglePlayerSelectionViewController.h */,
				28D0F3521B0850DC00603401 /* AISinglePlayerSelectionViewController.m */,
				28BA8DCA1ACC407D00CB91D1 /* AIGameSceneViewController.h */,
				28BA8DCB1ACC407D00CB91D1 /* AIGameSceneViewController.m */,
			);
			path = Classes;
			sourceTree = "<group>";
		};
		28BA8DCC1ACC407D00CB91D1 /* CommonUtils */ = {
			isa = PBXGroup;
			children = (
				28BA8DCD1ACC407D00CB91D1 /* AICommonUtils.h */,
				28BA8DCE1ACC407D00CB91D1 /* AICommonUtils.m */,
				28BA8DCF1ACC407D00CB91D1 /* AIEnumCollection.h */,
			);
			path = CommonUtils;
			sourceTree = "<group>";
		};
		BC1DD1211D48752E00B618B5 /* Common */ = {
			isa = PBXGroup;
			children = (
				BC1DD12C1D48766500B618B5 /* GameEngine */,
				BC1DD1221D48753400B618B5 /* Object */,
				BC21C9CF1DF7F4820010A90E /* Localizable */,
			);
			name = Common;
			sourceTree = "<group>";
		};
		BC1DD1221D48753400B618B5 /* Object */ = {
			isa = PBXGroup;
			children = (
				BC1DD1231D48758E00B618B5 /* AIGameCard.h */,
				BC1DD1241D48758E00B618B5 /* AIGameCard.m */,
				BC1DD1251D48758E00B618B5 /* AIGameCardEnlargeView.h */,
				BC1DD1261D48758E00B618B5 /* AIGameCardEnlargeView.m */,
				BC1DD1271D48758E00B618B5 /* AIGameCardImageView.h */,
				BC1DD1281D48758E00B618B5 /* AIGameCardImageView.m */,
			);
			name = Object;
			sourceTree = "<group>";
		};
		BC1DD12C1D48766500B618B5 /* GameEngine */ = {
			isa = PBXGroup;
			children = (
				BC1DD1421D49B39700B618B5 /* GameSettings */,
				BC1DD13B1D48977200B618B5 /* GameObject */,
				BC1DD12D1D48770800B618B5 /* GamePlay */,
				BC1DD12E1D48771200B618B5 /* GameMechanics */,
			);
			name = GameEngine;
			sourceTree = "<group>";
		};
		BC1DD12D1D48770800B618B5 /* GamePlay */ = {
			isa = PBXGroup;
			children = (
				BC1DD1351D488C9900B618B5 /* GamePlay.h */,
				BC1DD1361D488C9900B618B5 /* GamePlay.m */,
			);
			name = GamePlay;
			sourceTree = "<group>";
		};
		BC1DD12E1D48771200B618B5 /* GameMechanics */ = {
			isa = PBXGroup;
			children = (
				BC1DD1381D488F0900B618B5 /* GameMechanics.h */,
				BC1DD1391D488F0900B618B5 /* GameMechanics.m */,
			);
			name = GameMechanics;
			sourceTree = "<group>";
		};
		BC1DD13B1D48977200B618B5 /* GameObject */ = {
			isa = PBXGroup;
			children = (
				BC1DD13C1D48979000B618B5 /* GamePlayer.h */,
				BC1DD13D1D48979000B618B5 /* GamePlayer.m */,
				BC1DD13F1D48A1D600B618B5 /* GameCardDeck.h */,
				BC1DD1401D48A1D600B618B5 /* GameCardDeck.m */,
			);
			name = GameObject;
			sourceTree = "<group>";
		};
		BC1DD1421D49B39700B618B5 /* GameSettings */ = {
			isa = PBXGroup;
			children = (
				BC1DD1431D49B3DE00B618B5 /* GameInGameSettings.h */,
				BC1DD1441D49B3DE00B618B5 /* GameInGameSettings.m */,
				BC1DD1461D49B3F300B618B5 /* GameWorldSettings.h */,
				BC1DD1471D49B3F300B618B5 /* GameWorldSettings.m */,
			);
			name = GameSettings;
			sourceTree = "<group>";
		};
		BC21C9CF1DF7F4820010A90E /* Localizable */ = {
			isa = PBXGroup;
			children = (
				BC21C9D01DF7F4F10010A90E /* Localizable.h */,
				BC21C9D11DF7F4F10010A90E /* Localizable.m */,
				BC21C9D31DF7F51E0010A90E /* Localizable.strings */,
			);
			name = Localizable;
			sourceTree = "<group>";
		};
/* End PBXGroup section */

/* Begin PBXNativeTarget section */
		28BA8D7C1ACC3F3500CB91D1 /* Balloon */ = {
			isa = PBXNativeTarget;
			buildConfigurationList = 28BA8DA01ACC3F3500CB91D1 /* Build configuration list for PBXNativeTarget "Balloon" */;
			buildPhases = (
				28BA8D791ACC3F3500CB91D1 /* Sources */,
				28BA8D7A1ACC3F3500CB91D1 /* Frameworks */,
				28BA8D7B1ACC3F3500CB91D1 /* Resources */,
			);
			buildRules = (
			);
			dependencies = (
			);
			name = Balloon;
			productName = Balloon;
			productReference = 28BA8D7D1ACC3F3500CB91D1 /* Balloon.app */;
			productType = "com.apple.product-type.application";
		};
		28BA8D951ACC3F3500CB91D1 /* BalloonTests */ = {
			isa = PBXNativeTarget;
			buildConfigurationList = 28BA8DA31ACC3F3500CB91D1 /* Build configuration list for PBXNativeTarget "BalloonTests" */;
			buildPhases = (
				28BA8D921ACC3F3500CB91D1 /* Sources */,
				28BA8D931ACC3F3500CB91D1 /* Frameworks */,
				28BA8D941ACC3F3500CB91D1 /* Resources */,
			);
			buildRules = (
			);
			dependencies = (
				28BA8D981ACC3F3500CB91D1 /* PBXTargetDependency */,
			);
			name = BalloonTests;
			productName = BalloonTests;
			productReference = 28BA8D961ACC3F3500CB91D1 /* BalloonTests.xctest */;
			productType = "com.apple.product-type.bundle.unit-test";
		};
/* End PBXNativeTarget section */

/* Begin PBXProject section */
		28BA8D751ACC3F3500CB91D1 /* Project object */ = {
			isa = PBXProject;
			attributes = {
				LastUpgradeCheck = 0810;
				ORGANIZATIONNAME = myAppIndustry;
				TargetAttributes = {
					28BA8D7C1ACC3F3500CB91D1 = {
						CreatedOnToolsVersion = 6.2;
						DevelopmentTeam = 9RLDP4WJTW;
						ProvisioningStyle = Automatic;
						SystemCapabilities = {
							com.apple.GameCenter = {
								enabled = 1;
							};
						};
					};
					28BA8D951ACC3F3500CB91D1 = {
						CreatedOnToolsVersion = 6.2;
						TestTargetID = 28BA8D7C1ACC3F3500CB91D1;
					};
				};
			};
			buildConfigurationList = 28BA8D781ACC3F3500CB91D1 /* Build configuration list for PBXProject "Balloon" */;
			compatibilityVersion = "Xcode 3.2";
			developmentRegion = English;
			hasScannedForEncodings = 0;
			knownRegions = (
				en,
				Base,
			);
			mainGroup = 28BA8D741ACC3F3500CB91D1;
			productRefGroup = 28BA8D7E1ACC3F3500CB91D1 /* Products */;
			projectDirPath = "";
			projectRoot = "";
			targets = (
				28BA8D7C1ACC3F3500CB91D1 /* Balloon */,
				28BA8D951ACC3F3500CB91D1 /* BalloonTests */,
			);
		};
/* End PBXProject section */

/* Begin PBXResourcesBuildPhase section */
		28BA8D7B1ACC3F3500CB91D1 /* Resources */ = {
			isa = PBXResourcesBuildPhase;
			buildActionMask = 2147483647;
			files = (
				28BA8DBD1ACC3FB700CB91D1 /* PlusOne.png in Resources */,
				28BA8DBC1ACC3FB700CB91D1 /* Hold.png in Resources */,
				28BA8DC41ACC3FB700CB91D1 /* ToThirtySecond.png in Resources */,
				28BA8DC11ACC3FB700CB91D1 /* Reverse.png in Resources */,
				28BA8DC31ACC3FB700CB91D1 /* TenSecond.png in Resources */,
				BC21C9D41DF7F51E0010A90E /* Localizable.strings in Resources */,
				28BA8DB91ACC3FB700CB91D1 /* DoublePlay.png in Resources */,
				28BA8DBA1ACC3FB700CB91D1 /* DownToZeroSecond.png in Resources */,
				28BA8DC51ACC3FB700CB91D1 /* TradeHand.png in Resources */,
				28BA8DB71ACC3FB700CB91D1 /* BackCover.png in Resources */,
				28BA8D8C1ACC3F3500CB91D1 /* Main.storyboard in Resources */,
				28BA8D911ACC3F3500CB91D1 /* LaunchScreen.xib in Resources */,
				28BA8DBE1ACC3FB700CB91D1 /* PlusTwo.png in Resources */,
				28BA8D8E1ACC3F3500CB91D1 /* Images.xcassets in Resources */,
				28BA8DC61ACC3FB700CB91D1 /* UpToSixtySecond.png in Resources */,
				28BA8DC01ACC3FB700CB91D1 /* Popped.png in Resources */,
				28BA8DBF1ACC3FB700CB91D1 /* Pop.png in Resources */,
				28BA8DC21ACC3FB700CB91D1 /* Skip.png in Resources */,
				28BA8DB81ACC3FB700CB91D1 /* BalloonLife.png in Resources */,
				28BA8DBB1ACC3FB700CB91D1 /* FiveSecond.png in Resources */,
			);
			runOnlyForDeploymentPostprocessing = 0;
		};
		28BA8D941ACC3F3500CB91D1 /* Resources */ = {
			isa = PBXResourcesBuildPhase;
			buildActionMask = 2147483647;
			files = (
			);
			runOnlyForDeploymentPostprocessing = 0;
		};
/* End PBXResourcesBuildPhase section */

/* Begin PBXSourcesBuildPhase section */
		28BA8D791ACC3F3500CB91D1 /* Sources */ = {
			isa = PBXSourcesBuildPhase;
			buildActionMask = 2147483647;
			files = (
				BC1DD1291D48758E00B618B5 /* AIGameCard.m in Sources */,
				BC1DD1411D48A1D600B618B5 /* GameCardDeck.m in Sources */,
				BC1DD1371D488C9900B618B5 /* GamePlay.m in Sources */,
				BC1DD13E1D48979000B618B5 /* GamePlayer.m in Sources */,
				BC1DD12A1D48758E00B618B5 /* AIGameCardEnlargeView.m in Sources */,
				28D0F3531B0850DC00603401 /* AISinglePlayerSelectionViewController.m in Sources */,
				28BA8DD41ACC407D00CB91D1 /* AIGameMenuViewController.m in Sources */,
				BC1DD1451D49B3DE00B618B5 /* GameInGameSettings.m in Sources */,
				BC1DD13A1D488F0900B618B5 /* GameMechanics.m in Sources */,
				28BA8D861ACC3F3500CB91D1 /* AppDelegate.m in Sources */,
				BC21C9D21DF7F4F10010A90E /* Localizable.m in Sources */,
				28BA8DD51ACC407D00CB91D1 /* AIGameSceneViewController.m in Sources */,
				28BA8DD61ACC407D00CB91D1 /* AICommonUtils.m in Sources */,
				BC1DD1481D49B3F300B618B5 /* GameWorldSettings.m in Sources */,
				28BA8D831ACC3F3500CB91D1 /* main.m in Sources */,
				BC1DD12B1D48758E00B618B5 /* AIGameCardImageView.m in Sources */,
			);
			runOnlyForDeploymentPostprocessing = 0;
		};
		28BA8D921ACC3F3500CB91D1 /* Sources */ = {
			isa = PBXSourcesBuildPhase;
			buildActionMask = 2147483647;
			files = (
				28BA8D9D1ACC3F3500CB91D1 /* BalloonTests.m in Sources */,
			);
			runOnlyForDeploymentPostprocessing = 0;
		};
/* End PBXSourcesBuildPhase section */

/* Begin PBXTargetDependency section */
		28BA8D981ACC3F3500CB91D1 /* PBXTargetDependency */ = {
			isa = PBXTargetDependency;
			target = 28BA8D7C1ACC3F3500CB91D1 /* Balloon */;
			targetProxy = 28BA8D971ACC3F3500CB91D1 /* PBXContainerItemProxy */;
		};
/* End PBXTargetDependency section */

/* Begin PBXVariantGroup section */
		28BA8D8A1ACC3F3500CB91D1 /* Main.storyboard */ = {
			isa = PBXVariantGroup;
			children = (
				28BA8D8B1ACC3F3500CB91D1 /* Base */,
			);
			name = Main.storyboard;
			sourceTree = "<group>";
		};
		28BA8D8F1ACC3F3500CB91D1 /* LaunchScreen.xib */ = {
			isa = PBXVariantGroup;
			children = (
				28BA8D901ACC3F3500CB91D1 /* Base */,
			);
			name = LaunchScreen.xib;
			sourceTree = "<group>";
		};
/* End PBXVariantGroup section */

/* Begin XCBuildConfiguration section */
		28BA8D9E1ACC3F3500CB91D1 /* Debug */ = {
			isa = XCBuildConfiguration;
			buildSettings = {
				ALWAYS_SEARCH_USER_PATHS = NO;
				CLANG_CXX_LANGUAGE_STANDARD = "gnu++0x";
				CLANG_CXX_LIBRARY = "libc++";
				CLANG_ENABLE_MODULES = YES;
				CLANG_ENABLE_OBJC_ARC = YES;
				CLANG_WARN_BOOL_CONVERSION = YES;
				CLANG_WARN_CONSTANT_CONVERSION = YES;
				CLANG_WARN_DIRECT_OBJC_ISA_USAGE = YES_ERROR;
				CLANG_WARN_EMPTY_BODY = YES;
				CLANG_WARN_ENUM_CONVERSION = YES;
				CLANG_WARN_INFINITE_RECURSION = YES;
				CLANG_WARN_INT_CONVERSION = YES;
				CLANG_WARN_OBJC_ROOT_CLASS = YES_ERROR;
				CLANG_WARN_SUSPICIOUS_MOVE = YES;
				CLANG_WARN_UNREACHABLE_CODE = YES;
				CLANG_WARN__DUPLICATE_METHOD_MATCH = YES;
				"CODE_SIGN_IDENTITY[sdk=iphoneos*]" = "iPhone Developer";
				COPY_PHASE_STRIP = NO;
				ENABLE_STRICT_OBJC_MSGSEND = YES;
				ENABLE_TESTABILITY = YES;
				GCC_C_LANGUAGE_STANDARD = gnu99;
				GCC_DYNAMIC_NO_PIC = NO;
				GCC_NO_COMMON_BLOCKS = YES;
				GCC_OPTIMIZATION_LEVEL = 0;
				GCC_PREPROCESSOR_DEFINITIONS = (
					"DEBUG=1",
					"$(inherited)",
				);
				GCC_SYMBOLS_PRIVATE_EXTERN = NO;
				GCC_WARN_64_TO_32_BIT_CONVERSION = YES;
				GCC_WARN_ABOUT_RETURN_TYPE = YES_ERROR;
				GCC_WARN_UNDECLARED_SELECTOR = YES;
				GCC_WARN_UNINITIALIZED_AUTOS = YES_AGGRESSIVE;
				GCC_WARN_UNUSED_FUNCTION = YES;
				GCC_WARN_UNUSED_VARIABLE = YES;
				IPHONEOS_DEPLOYMENT_TARGET = 8.2;
				MTL_ENABLE_DEBUG_INFO = YES;
				ONLY_ACTIVE_ARCH = YES;
				SDKROOT = iphoneos;
			};
			name = Debug;
		};
		28BA8D9F1ACC3F3500CB91D1 /* Release */ = {
			isa = XCBuildConfiguration;
			buildSettings = {
				ALWAYS_SEARCH_USER_PATHS = NO;
				CLANG_CXX_LANGUAGE_STANDARD = "gnu++0x";
				CLANG_CXX_LIBRARY = "libc++";
				CLANG_ENABLE_MODULES = YES;
				CLANG_ENABLE_OBJC_ARC = YES;
				CLANG_WARN_BOOL_CONVERSION = YES;
				CLANG_WARN_CONSTANT_CONVERSION = YES;
				CLANG_WARN_DIRECT_OBJC_ISA_USAGE = YES_ERROR;
				CLANG_WARN_EMPTY_BODY = YES;
				CLANG_WARN_ENUM_CONVERSION = YES;
				CLANG_WARN_INFINITE_RECURSION = YES;
				CLANG_WARN_INT_CONVERSION = YES;
				CLANG_WARN_OBJC_ROOT_CLASS = YES_ERROR;
				CLANG_WARN_SUSPICIOUS_MOVE = YES;
				CLANG_WARN_UNREACHABLE_CODE = YES;
				CLANG_WARN__DUPLICATE_METHOD_MATCH = YES;
				"CODE_SIGN_IDENTITY[sdk=iphoneos*]" = "iPhone Developer";
				COPY_PHASE_STRIP = NO;
				ENABLE_NS_ASSERTIONS = NO;
				ENABLE_STRICT_OBJC_MSGSEND = YES;
				GCC_C_LANGUAGE_STANDARD = gnu99;
				GCC_NO_COMMON_BLOCKS = YES;
				GCC_WARN_64_TO_32_BIT_CONVERSION = YES;
				GCC_WARN_ABOUT_RETURN_TYPE = YES_ERROR;
				GCC_WARN_UNDECLARED_SELECTOR = YES;
				GCC_WARN_UNINITIALIZED_AUTOS = YES_AGGRESSIVE;
				GCC_WARN_UNUSED_FUNCTION = YES;
				GCC_WARN_UNUSED_VARIABLE = YES;
				IPHONEOS_DEPLOYMENT_TARGET = 8.2;
				MTL_ENABLE_DEBUG_INFO = NO;
				SDKROOT = iphoneos;
				VALIDATE_PRODUCT = YES;
			};
			name = Release;
		};
		28BA8DA11ACC3F3500CB91D1 /* Debug */ = {
			isa = XCBuildConfiguration;
			buildSettings = {
				ASSETCATALOG_COMPILER_APPICON_NAME = AppIcon;
				CODE_SIGN_IDENTITY = "iPhone Developer: Mun Fai Leong (GGVZ769AND)";
				"CODE_SIGN_IDENTITY[sdk=iphoneos*]" = "iPhone Developer";
				INFOPLIST_FILE = Balloon/Info.plist;
				IPHONEOS_DEPLOYMENT_TARGET = 8.3;
				LD_RUNPATH_SEARCH_PATHS = "$(inherited) @executable_path/Frameworks";
				PRODUCT_BUNDLE_IDENTIFIER = com.munfai.Balloon;
				PRODUCT_NAME = "$(TARGET_NAME)";
				PROVISIONING_PROFILE = "";
				TARGETED_DEVICE_FAMILY = "1,2";
			};
			name = Debug;
		};
		28BA8DA21ACC3F3500CB91D1 /* Release */ = {
			isa = XCBuildConfiguration;
			buildSettings = {
				ASSETCATALOG_COMPILER_APPICON_NAME = AppIcon;
				CODE_SIGN_IDENTITY = "iPhone Developer: Mun Fai Leong (GGVZ769AND)";
				"CODE_SIGN_IDENTITY[sdk=iphoneos*]" = "iPhone Developer";
				INFOPLIST_FILE = Balloon/Info.plist;
				IPHONEOS_DEPLOYMENT_TARGET = 8.3;
				LD_RUNPATH_SEARCH_PATHS = "$(inherited) @executable_path/Frameworks";
				PRODUCT_BUNDLE_IDENTIFIER = com.munfai.Balloon;
				PRODUCT_NAME = "$(TARGET_NAME)";
				PROVISIONING_PROFILE = "";
				TARGETED_DEVICE_FAMILY = "1,2";
			};
			name = Release;
		};
		28BA8DA41ACC3F3500CB91D1 /* Debug */ = {
			isa = XCBuildConfiguration;
			buildSettings = {
				BUNDLE_LOADER = "$(TEST_HOST)";
				FRAMEWORK_SEARCH_PATHS = (
					"$(SDKROOT)/Developer/Library/Frameworks",
					"$(inherited)",
				);
				GCC_PREPROCESSOR_DEFINITIONS = (
					"DEBUG=1",
					"$(inherited)",
				);
				INFOPLIST_FILE = BalloonTests/Info.plist;
				LD_RUNPATH_SEARCH_PATHS = "$(inherited) @executable_path/Frameworks @loader_path/Frameworks";
				PRODUCT_BUNDLE_IDENTIFIER = "com.myappindustry.$(PRODUCT_NAME:rfc1034identifier)";
				PRODUCT_NAME = "$(TARGET_NAME)";
				TEST_HOST = "$(BUILT_PRODUCTS_DIR)/Balloon.app/Balloon";
			};
			name = Debug;
		};
		28BA8DA51ACC3F3500CB91D1 /* Release */ = {
			isa = XCBuildConfiguration;
			buildSettings = {
				BUNDLE_LOADER = "$(TEST_HOST)";
				FRAMEWORK_SEARCH_PATHS = (
					"$(SDKROOT)/Developer/Library/Frameworks",
					"$(inherited)",
				);
				INFOPLIST_FILE = BalloonTests/Info.plist;
				LD_RUNPATH_SEARCH_PATHS = "$(inherited) @executable_path/Frameworks @loader_path/Frameworks";
				PRODUCT_BUNDLE_IDENTIFIER = "com.myappindustry.$(PRODUCT_NAME:rfc1034identifier)";
				PRODUCT_NAME = "$(TARGET_NAME)";
				TEST_HOST = "$(BUILT_PRODUCTS_DIR)/Balloon.app/Balloon";
			};
			name = Release;
		};
/* End XCBuildConfiguration section */

/* Begin XCConfigurationList section */
		28BA8D781ACC3F3500CB91D1 /* Build configuration list for PBXProject "Balloon" */ = {
			isa = XCConfigurationList;
			buildConfigurations = (
				28BA8D9E1ACC3F3500CB91D1 /* Debug */,
				28BA8D9F1ACC3F3500CB91D1 /* Release */,
			);
			defaultConfigurationIsVisible = 0;
			defaultConfigurationName = Release;
		};
		28BA8DA01ACC3F3500CB91D1 /* Build configuration list for PBXNativeTarget "Balloon" */ = {
			isa = XCConfigurationList;
			buildConfigurations = (
				28BA8DA11ACC3F3500CB91D1 /* Debug */,
				28BA8DA21ACC3F3500CB91D1 /* Release */,
			);
			defaultConfigurationIsVisible = 0;
			defaultConfigurationName = Release;
		};
		28BA8DA31ACC3F3500CB91D1 /* Build configuration list for PBXNativeTarget "BalloonTests" */ = {
			isa = XCConfigurationList;
			buildConfigurations = (
				28BA8DA41ACC3F3500CB91D1 /* Debug */,
				28BA8DA51ACC3F3500CB91D1 /* Release */,
			);
			defaultConfigurationIsVisible = 0;
			defaultConfigurationName = Release;
		};
/* End XCConfigurationList section */
	};
	rootObject = 28BA8D751ACC3F3500CB91D1 /* Project object */;
}
